
Microsoft Visual Studio Solution File, Format Version 12.00
# Visual Studio 15
VisualStudioVersion = 15.0.27130.2027
MinimumVisualStudioVersion = 10.0.40219.1
Project("{FAE04EC0-301F-11D3-BF4B-00C04F79EFBC}") = "SqlReadCustomer", "SqlReadCustomer\SqlReadCustomer.csproj", "{8E66661C-7326-4411-9069-192FBE211398}"
EndProject
Project("{FAE04EC0-301F-11D3-BF4B-00C04F79EFBC}") = "SqlLib", "SqlLib\SqlLib.csproj", "{1E2BF291-23C2-478C-A64D-526E760630A7}"
EndProject
Global
	GlobalSection(SolutionConfigurationPlatforms) = preSolution
		Debug|Any CPU = Debug|Any CPU
		Release|Any CPU = Release|Any CPU
	EndGlobalSection
	GlobalSection(ProjectConfigurationPlatforms) = postSolution
		{8E66661C-7326-4411-9069-192FBE211398}.Debug|Any CPU.ActiveCfg = Debug|Any CPU
		{8E66661C-7326-4411-9069-192FBE211398}.Debug|Any CPU.Build.0 = Debug|Any CPU
		{8E66661C-7326-4411-9069-192FBE211398}.Release|Any CPU.ActiveCfg = Release|Any CPU
		{8E66661C-7326-4411-9069-192FBE211398}.Release|Any CPU.Build.0 = Release|Any CPU
		{1E2BF291-23C2-478C-A64D-526E760630A7}.Debug|Any CPU.ActiveCfg = Debug|Any CPU
		{1E2BF291-23C2-478C-A64D-526E760630A7}.Debug|Any CPU.Build.0 = Debug|Any CPU
		{1E2BF291-23C2-478C-A64D-526E760630A7}.Release|Any CPU.ActiveCfg = Release|Any CPU
		{1E2BF291-23C2-478C-A64D-526E760630A7}.Release|Any CPU.Build.0 = Release|Any CPU
	EndGlobalSection
	GlobalSection(SolutionProperties) = preSolution
		HideSolutionNode = FALSE
	EndGlobalSection
	GlobalSection(ExtensibilityGlobals) = postSolution
		SolutionGuid = {7F702A43-568E-4880-B35F-DA79407B3AF3}
	EndGlobalSection
EndGlobal
